
Microsoft Visual Studio Solution File, Format Version 12.00
# Visual Studio Version 17
VisualStudioVersion = 17.14.36301.6
MinimumVisualStudioVersion = 10.0.40219.1
Project("{8BC9CEB8-8B4A-11D0-8D11-00A0C91BC942}") = "1 - Duplicate Integer", "1 - Duplicate Integer\1 - Duplicate Integer.vcxproj", "{0BBE263D-109A-49EE-95AB-C80F567A4E52}"
EndProject
Project("{8BC9CEB8-8B4A-11D0-8D11-00A0C91BC942}") = "2 - Valid Anagram", "2 - Valid Anagram\2 - Valid Anagram.vcxproj", "{BFC2A6A4-6AD6-4EF5-8A47-CD3BF80561AC}"
EndProject
Project("{8BC9CEB8-8B4A-11D0-8D11-00A0C91BC942}") = "3 - Two Sum", "3 - Two Sum\3 - Two Sum.vcxproj", "{9A0791B4-6C8C-4D64-92B3-409A8C508032}"
EndProject
Project("{8BC9CEB8-8B4A-11D0-8D11-00A0C91BC942}") = "4 - Valid Palindrome", "4 - Valid Palindrome\4 - Valid Palindrome.vcxproj", "{ED025766-0EB9-4465-9797-D52A9FC6D8C3}"
EndProject
Project("{8BC9CEB8-8B4A-11D0-8D11-00A0C91BC942}") = "5 - Best Time to Buy and Sell Stock", "5 - Best Time to Buy and Sell Stock\5 - Best Time to Buy and Sell Stock.vcxproj", "{90C29882-3AEA-4276-B34F-766856FEF3B8}"
EndProject
Project("{8BC9CEB8-8B4A-11D0-8D11-00A0C91BC942}") = "6 - Valid Parentheses", "6 - Valid Parentheses\6 - Valid Parentheses.vcxproj", "{450556D6-EE2C-45A5-BA44-56EDFFB1807E}"
EndProject
Project("{8BC9CEB8-8B4A-11D0-8D11-00A0C91BC942}") = "7 - Reverse Linked List", "7 - Reverse Linked List\7 - Reverse Linked List.vcxproj", "{5974949D-FF35-41DB-A322-4B62C615439A}"
EndProject
Project("{8BC9CEB8-8B4A-11D0-8D11-00A0C91BC942}") = "8 - Merge Two Sorted Linked Lists", "8 - Merge Two Sorted Linked Lists\8 - Merge Two Sorted Linked Lists.vcxproj", "{908FE164-0744-401E-B63A-40AC888F9C45}"
EndProject
Project("{8BC9CEB8-8B4A-11D0-8D11-00A0C91BC942}") = "9 - Linked List Cycle Detection", "9 - Linked List Cycle Detection\9 - Linked List Cycle Detection.vcxproj", "{A4074649-774E-438B-8C04-DDC79E86D4CB}"
EndProject
Project("{8BC9CEB8-8B4A-11D0-8D11-00A0C91BC942}") = "10 - Invert Binary Tree", "10 - Invert Binary Tree\10 - Invert Binary Tree.vcxproj", "{24CFEE58-2B72-499D-AC56-077D9D0ED8C7}"
EndProject
Project("{8BC9CEB8-8B4A-11D0-8D11-00A0C91BC942}") = "11 - Maximum Depth of Binary Tree", "11 - Maximum Depth of Binary Tree\11 - Maximum Depth of Binary Tree.vcxproj", "{17A7FDB0-A32E-49F3-BE3F-96DE43D09160}"
EndProject
Project("{8BC9CEB8-8B4A-11D0-8D11-00A0C91BC942}") = "12 - Same Binary Tree", "12 - Same Binary Tree\12 - Same Binary Tree.vcxproj", "{1824DBE8-0C3B-4D21-A824-6661A61DB6D8}"
EndProject
Project("{8BC9CEB8-8B4A-11D0-8D11-00A0C91BC942}") = "13 - Subtree of a Binary Tree", "13 - Subtree of a Binary Tree\13 - Subtree of a Binary Tree.vcxproj", "{DF051D17-17C2-4129-B020-C3A0F4F93EE7}"
EndProject
Global
	GlobalSection(SolutionConfigurationPlatforms) = preSolution
		Debug|x64 = Debug|x64
		Debug|x86 = Debug|x86
		Release|x64 = Release|x64
		Release|x86 = Release|x86
	EndGlobalSection
	GlobalSection(ProjectConfigurationPlatforms) = postSolution
		{0BBE263D-109A-49EE-95AB-C80F567A4E52}.Debug|x64.ActiveCfg = Debug|x64
		{0BBE263D-109A-49EE-95AB-C80F567A4E52}.Debug|x64.Build.0 = Debug|x64
		{0BBE263D-109A-49EE-95AB-C80F567A4E52}.Debug|x86.ActiveCfg = Debug|Win32
		{0BBE263D-109A-49EE-95AB-C80F567A4E52}.Debug|x86.Build.0 = Debug|Win32
		{0BBE263D-109A-49EE-95AB-C80F567A4E52}.Release|x64.ActiveCfg = Release|x64
		{0BBE263D-109A-49EE-95AB-C80F567A4E52}.Release|x64.Build.0 = Release|x64
		{0BBE263D-109A-49EE-95AB-C80F567A4E52}.Release|x86.ActiveCfg = Release|Win32
		{0BBE263D-109A-49EE-95AB-C80F567A4E52}.Release|x86.Build.0 = Release|Win32
		{BFC2A6A4-6AD6-4EF5-8A47-CD3BF80561AC}.Debug|x64.ActiveCfg = Debug|x64
		{BFC2A6A4-6AD6-4EF5-8A47-CD3BF80561AC}.Debug|x64.Build.0 = Debug|x64
		{BFC2A6A4-6AD6-4EF5-8A47-CD3BF80561AC}.Debug|x86.ActiveCfg = Debug|Win32
		{BFC2A6A4-6AD6-4EF5-8A47-CD3BF80561AC}.Debug|x86.Build.0 = Debug|Win32
		{BFC2A6A4-6AD6-4EF5-8A47-CD3BF80561AC}.Release|x64.ActiveCfg = Release|x64
		{BFC2A6A4-6AD6-4EF5-8A47-CD3BF80561AC}.Release|x64.Build.0 = Release|x64
		{BFC2A6A4-6AD6-4EF5-8A47-CD3BF80561AC}.Release|x86.ActiveCfg = Release|Win32
		{BFC2A6A4-6AD6-4EF5-8A47-CD3BF80561AC}.Release|x86.Build.0 = Release|Win32
		{9A0791B4-6C8C-4D64-92B3-409A8C508032}.Debug|x64.ActiveCfg = Debug|x64
		{9A0791B4-6C8C-4D64-92B3-409A8C508032}.Debug|x64.Build.0 = Debug|x64
		{9A0791B4-6C8C-4D64-92B3-409A8C508032}.Debug|x86.ActiveCfg = Debug|Win32
		{9A0791B4-6C8C-4D64-92B3-409A8C508032}.Debug|x86.Build.0 = Debug|Win32
		{9A0791B4-6C8C-4D64-92B3-409A8C508032}.Release|x64.ActiveCfg = Release|x64
		{9A0791B4-6C8C-4D64-92B3-409A8C508032}.Release|x64.Build.0 = Release|x64
		{9A0791B4-6C8C-4D64-92B3-409A8C508032}.Release|x86.ActiveCfg = Release|Win32
		{9A0791B4-6C8C-4D64-92B3-409A8C508032}.Release|x86.Build.0 = Release|Win32
		{ED025766-0EB9-4465-9797-D52A9FC6D8C3}.Debug|x64.ActiveCfg = Debug|x64
		{ED025766-0EB9-4465-9797-D52A9FC6D8C3}.Debug|x64.Build.0 = Debug|x64
		{ED025766-0EB9-4465-9797-D52A9FC6D8C3}.Debug|x86.ActiveCfg = Debug|Win32
		{ED025766-0EB9-4465-9797-D52A9FC6D8C3}.Debug|x86.Build.0 = Debug|Win32
		{ED025766-0EB9-4465-9797-D52A9FC6D8C3}.Release|x64.ActiveCfg = Release|x64
		{ED025766-0EB9-4465-9797-D52A9FC6D8C3}.Release|x64.Build.0 = Release|x64
		{ED025766-0EB9-4465-9797-D52A9FC6D8C3}.Release|x86.ActiveCfg = Release|Win32
		{ED025766-0EB9-4465-9797-D52A9FC6D8C3}.Release|x86.Build.0 = Release|Win32
		{90C29882-3AEA-4276-B34F-766856FEF3B8}.Debug|x64.ActiveCfg = Debug|x64
		{90C29882-3AEA-4276-B34F-766856FEF3B8}.Debug|x64.Build.0 = Debug|x64
		{90C29882-3AEA-4276-B34F-766856FEF3B8}.Debug|x86.ActiveCfg = Debug|Win32
		{90C29882-3AEA-4276-B34F-766856FEF3B8}.Debug|x86.Build.0 = Debug|Win32
		{90C29882-3AEA-4276-B34F-766856FEF3B8}.Release|x64.ActiveCfg = Release|x64
		{90C29882-3AEA-4276-B34F-766856FEF3B8}.Release|x64.Build.0 = Release|x64
		{90C29882-3AEA-4276-B34F-766856FEF3B8}.Release|x86.ActiveCfg = Release|Win32
		{90C29882-3AEA-4276-B34F-766856FEF3B8}.Release|x86.Build.0 = Release|Win32
		{450556D6-EE2C-45A5-BA44-56EDFFB1807E}.Debug|x64.ActiveCfg = Debug|x64
		{450556D6-EE2C-45A5-BA44-56EDFFB1807E}.Debug|x64.Build.0 = Debug|x64
		{450556D6-EE2C-45A5-BA44-56EDFFB1807E}.Debug|x86.ActiveCfg = Debug|Win32
		{450556D6-EE2C-45A5-BA44-56EDFFB1807E}.Debug|x86.Build.0 = Debug|Win32
		{450556D6-EE2C-45A5-BA44-56EDFFB1807E}.Release|x64.ActiveCfg = Release|x64
		{450556D6-EE2C-45A5-BA44-56EDFFB1807E}.Release|x64.Build.0 = Release|x64
		{450556D6-EE2C-45A5-BA44-56EDFFB1807E}.Release|x86.ActiveCfg = Release|Win32
		{450556D6-EE2C-45A5-BA44-56EDFFB1807E}.Release|x86.Build.0 = Release|Win32
		{5974949D-FF35-41DB-A322-4B62C615439A}.Debug|x64.ActiveCfg = Debug|x64
		{5974949D-FF35-41DB-A322-4B62C615439A}.Debug|x64.Build.0 = Debug|x64
		{5974949D-FF35-41DB-A322-4B62C615439A}.Debug|x86.ActiveCfg = Debug|Win32
		{5974949D-FF35-41DB-A322-4B62C615439A}.Debug|x86.Build.0 = Debug|Win32
		{5974949D-FF35-41DB-A322-4B62C615439A}.Release|x64.ActiveCfg = Release|x64
		{5974949D-FF35-41DB-A322-4B62C615439A}.Release|x64.Build.0 = Release|x64
		{5974949D-FF35-41DB-A322-4B62C615439A}.Release|x86.ActiveCfg = Release|Win32
		{5974949D-FF35-41DB-A322-4B62C615439A}.Release|x86.Build.0 = Release|Win32
		{908FE164-0744-401E-B63A-40AC888F9C45}.Debug|x64.ActiveCfg = Debug|x64
		{908FE164-0744-401E-B63A-40AC888F9C45}.Debug|x64.Build.0 = Debug|x64
		{908FE164-0744-401E-B63A-40AC888F9C45}.Debug|x86.ActiveCfg = Debug|Win32
		{908FE164-0744-401E-B63A-40AC888F9C45}.Debug|x86.Build.0 = Debug|Win32
		{908FE164-0744-401E-B63A-40AC888F9C45}.Release|x64.ActiveCfg = Release|x64
		{908FE164-0744-401E-B63A-40AC888F9C45}.Release|x64.Build.0 = Release|x64
		{908FE164-0744-401E-B63A-40AC888F9C45}.Release|x86.ActiveCfg = Release|Win32
		{908FE164-0744-401E-B63A-40AC888F9C45}.Release|x86.Build.0 = Release|Win32
		{A4074649-774E-438B-8C04-DDC79E86D4CB}.Debug|x64.ActiveCfg = Debug|x64
		{A4074649-774E-438B-8C04-DDC79E86D4CB}.Debug|x64.Build.0 = Debug|x64
		{A4074649-774E-438B-8C04-DDC79E86D4CB}.Debug|x86.ActiveCfg = Debug|Win32
		{A4074649-774E-438B-8C04-DDC79E86D4CB}.Debug|x86.Build.0 = Debug|Win32
		{A4074649-774E-438B-8C04-DDC79E86D4CB}.Release|x64.ActiveCfg = Release|x64
		{A4074649-774E-438B-8C04-DDC79E86D4CB}.Release|x64.Build.0 = Release|x64
		{A4074649-774E-438B-8C04-DDC79E86D4CB}.Release|x86.ActiveCfg = Release|Win32
		{A4074649-774E-438B-8C04-DDC79E86D4CB}.Release|x86.Build.0 = Release|Win32
		{24CFEE58-2B72-499D-AC56-077D9D0ED8C7}.Debug|x64.ActiveCfg = Debug|x64
		{24CFEE58-2B72-499D-AC56-077D9D0ED8C7}.Debug|x64.Build.0 = Debug|x64
		{24CFEE58-2B72-499D-AC56-077D9D0ED8C7}.Debug|x86.ActiveCfg = Debug|Win32
		{24CFEE58-2B72-499D-AC56-077D9D0ED8C7}.Debug|x86.Build.0 = Debug|Win32
		{24CFEE58-2B72-499D-AC56-077D9D0ED8C7}.Release|x64.ActiveCfg = Release|x64
		{24CFEE58-2B72-499D-AC56-077D9D0ED8C7}.Release|x64.Build.0 = Release|x64
		{24CFEE58-2B72-499D-AC56-077D9D0ED8C7}.Release|x86.ActiveCfg = Release|Win32
		{24CFEE58-2B72-499D-AC56-077D9D0ED8C7}.Release|x86.Build.0 = Release|Win32
		{17A7FDB0-A32E-49F3-BE3F-96DE43D09160}.Debug|x64.ActiveCfg = Debug|x64
		{17A7FDB0-A32E-49F3-BE3F-96DE43D09160}.Debug|x64.Build.0 = Debug|x64
		{17A7FDB0-A32E-49F3-BE3F-96DE43D09160}.Debug|x86.ActiveCfg = Debug|Win32
		{17A7FDB0-A32E-49F3-BE3F-96DE43D09160}.Debug|x86.Build.0 = Debug|Win32
		{17A7FDB0-A32E-49F3-BE3F-96DE43D09160}.Release|x64.ActiveCfg = Release|x64
		{17A7FDB0-A32E-49F3-BE3F-96DE43D09160}.Release|x64.Build.0 = Release|x64
		{17A7FDB0-A32E-49F3-BE3F-96DE43D09160}.Release|x86.ActiveCfg = Release|Win32
		{17A7FDB0-A32E-49F3-BE3F-96DE43D09160}.Release|x86.Build.0 = Release|Win32
		{1824DBE8-0C3B-4D21-A824-6661A61DB6D8}.Debug|x64.ActiveCfg = Debug|x64
		{1824DBE8-0C3B-4D21-A824-6661A61DB6D8}.Debug|x64.Build.0 = Debug|x64
		{1824DBE8-0C3B-4D21-A824-6661A61DB6D8}.Debug|x86.ActiveCfg = Debug|Win32
		{1824DBE8-0C3B-4D21-A824-6661A61DB6D8}.Debug|x86.Build.0 = Debug|Win32
		{1824DBE8-0C3B-4D21-A824-6661A61DB6D8}.Release|x64.ActiveCfg = Release|x64
		{1824DBE8-0C3B-4D21-A824-6661A61DB6D8}.Release|x64.Build.0 = Release|x64
		{1824DBE8-0C3B-4D21-A824-6661A61DB6D8}.Release|x86.ActiveCfg = Release|Win32
		{1824DBE8-0C3B-4D21-A824-6661A61DB6D8}.Release|x86.Build.0 = Release|Win32
		{DF051D17-17C2-4129-B020-C3A0F4F93EE7}.Debug|x64.ActiveCfg = Debug|x64
		{DF051D17-17C2-4129-B020-C3A0F4F93EE7}.Debug|x64.Build.0 = Debug|x64
		{DF051D17-17C2-4129-B020-C3A0F4F93EE7}.Debug|x86.ActiveCfg = Debug|Win32
		{DF051D17-17C2-4129-B020-C3A0F4F93EE7}.Debug|x86.Build.0 = Debug|Win32
		{DF051D17-17C2-4129-B020-C3A0F4F93EE7}.Release|x64.ActiveCfg = Release|x64
		{DF051D17-17C2-4129-B020-C3A0F4F93EE7}.Release|x64.Build.0 = Release|x64
		{DF051D17-17C2-4129-B020-C3A0F4F93EE7}.Release|x86.ActiveCfg = Release|Win32
		{DF051D17-17C2-4129-B020-C3A0F4F93EE7}.Release|x86.Build.0 = Release|Win32
	EndGlobalSection
	GlobalSection(SolutionProperties) = preSolution
		HideSolutionNode = FALSE
	EndGlobalSection
	GlobalSection(ExtensibilityGlobals) = postSolution
		SolutionGuid = {DFAC4B14-7C47-4CF3-A3D4-F90074BAF252}
	EndGlobalSection
EndGlobal
