
Microsoft Visual Studio Solution File, Format Version 12.00
# Visual Studio Version 17
VisualStudioVersion = 17.14.36301.6
MinimumVisualStudioVersion = 10.0.40219.1
Project("{8BC9CEB8-8B4A-11D0-8D11-00A0C91BC942}") = "1 - Duplicate Integer", "1 - Duplicate Integer\1 - Duplicate Integer.vcxproj", "{0BBE263D-109A-49EE-95AB-C80F567A4E52}"
EndProject
Project("{8BC9CEB8-8B4A-11D0-8D11-00A0C91BC942}") = "2 - Valid Anagram", "2 - Valid Anagram\2 - Valid Anagram.vcxproj", "{BFC2A6A4-6AD6-4EF5-8A47-CD3BF80561AC}"
EndProject
Project("{8BC9CEB8-8B4A-11D0-8D11-00A0C91BC942}") = "3 - Two Sum", "3 - Two Sum\3 - Two Sum.vcxproj", "{9A0791B4-6C8C-4D64-92B3-409A8C508032}"
EndProject
Project("{8BC9CEB8-8B4A-11D0-8D11-00A0C91BC942}") = "4 - Valid Palindrome", "4 - Valid Palindrome\4 - Valid Palindrome.vcxproj", "{ED025766-0EB9-4465-9797-D52A9FC6D8C3}"
EndProject
Project("{8BC9CEB8-8B4A-11D0-8D11-00A0C91BC942}") = "5 - Best Time to Buy and Sell Stock", "5 - Best Time to Buy and Sell Stock\5 - Best Time to Buy and Sell Stock.vcxproj", "{90C29882-3AEA-4276-B34F-766856FEF3B8}"
EndProject
Project("{8BC9CEB8-8B4A-11D0-8D11-00A0C91BC942}") = "6 - Valid Parentheses", "6 - Valid Parentheses\6 - Valid Parentheses.vcxproj", "{450556D6-EE2C-45A5-BA44-56EDFFB1807E}"
EndProject
Project("{8BC9CEB8-8B4A-11D0-8D11-00A0C91BC942}") = "7 - Reverse Linked List", "7 - Reverse Linked List\7 - Reverse Linked List.vcxproj", "{5974949D-FF35-41DB-A322-4B62C615439A}"
EndProject
Project("{8BC9CEB8-8B4A-11D0-8D11-00A0C91BC942}") = "8 - Merge Two Sorted Linked Lists", "8 - Merge Two Sorted Linked Lists\8 - Merge Two Sorted Linked Lists.vcxproj", "{908FE164-0744-401E-B63A-40AC888F9C45}"
EndProject
Project("{8BC9CEB8-8B4A-11D0-8D11-00A0C91BC942}") = "9 - Linked List Cycle Detection", "9 - Linked List Cycle Detection\9 - Linked List Cycle Detection.vcxproj", "{A4074649-774E-438B-8C04-DDC79E86D4CB}"
EndProject
Project("{8BC9CEB8-8B4A-11D0-8D11-00A0C91BC942}") = "10 - Invert Binary Tree", "10 - Invert Binary Tree\10 - Invert Binary Tree.vcxproj", "{24CFEE58-2B72-499D-AC56-077D9D0ED8C7}"
EndProject
Project("{8BC9CEB8-8B4A-11D0-8D11-00A0C91BC942}") = "11 - Maximum Depth of Binary Tree", "11 - Maximum Depth of Binary Tree\11 - Maximum Depth of Binary Tree.vcxproj", "{17A7FDB0-A32E-49F3-BE3F-96DE43D09160}"
EndProject
Project("{8BC9CEB8-8B4A-11D0-8D11-00A0C91BC942}") = "12 - Same Binary Tree", "12 - Same Binary Tree\12 - Same Binary Tree.vcxproj", "{1824DBE8-0C3B-4D21-A824-6661A61DB6D8}"
EndProject
Project("{8BC9CEB8-8B4A-11D0-8D11-00A0C91BC942}") = "13 - Subtree of a Binary Tree", "13 - Subtree of a Binary Tree\13 - Subtree of a Binary Tree.vcxproj", "{DF051D17-17C2-4129-B020-C3A0F4F93EE7}"
EndProject
Project("{8BC9CEB8-8B4A-11D0-8D11-00A0C91BC942}") = "14 - Climbing Stairs", "14 - Climbing Stairs\14 - Climbing Stairs.vcxproj", "{E7737C03-7219-4AD1-BB22-E07774B6636C}"
EndProject
Project("{8BC9CEB8-8B4A-11D0-8D11-00A0C91BC942}") = "15 - Meeting Rooms", "15 - Meeting Rooms\15 - Meeting Rooms.vcxproj", "{3EC791A6-AAC8-4A58-BDB0-948BEB776BE6}"
EndProject
Project("{8BC9CEB8-8B4A-11D0-8D11-00A0C91BC942}") = "16 - Number of One Bits", "16 - Number of One Bits\16 - Number of One Bits.vcxproj", "{46B86D11-1FDD-4097-81E3-736DBAD00C82}"
EndProject
Project("{8BC9CEB8-8B4A-11D0-8D11-00A0C91BC942}") = "17 - Counting Bits", "17 - Counting Bits\17 - Counting Bits.vcxproj", "{4CE5B4FE-68E5-44D7-8C90-F055D41DB992}"
EndProject
Project("{8BC9CEB8-8B4A-11D0-8D11-00A0C91BC942}") = "18 - Reverse Bits", "18 - Reverse Bits\18 - Reverse Bits.vcxproj", "{89198759-FCB6-4294-ABB3-BF809431DED2}"
EndProject
Project("{8BC9CEB8-8B4A-11D0-8D11-00A0C91BC942}") = "19 - Missing Number", "19 - Missing Number\19 - Missing Number.vcxproj", "{E2C11AF1-9866-44DD-8992-A217BEE25ADA}"
EndProject
Project("{8BC9CEB8-8B4A-11D0-8D11-00A0C91BC942}") = "20 - Group Anagrams", "20 - Group Anagrams\20 - Group Anagrams.vcxproj", "{4926CAEF-CDA5-413E-914D-6F7E66F6DBDA}"
EndProject
Project("{8BC9CEB8-8B4A-11D0-8D11-00A0C91BC942}") = "21 - Top K Frequent Elements", "21 - Top K Frequent Elements\21 - Top K Frequent Elements.vcxproj", "{D98C770C-B9FB-485C-8D71-10271418B61A}"
EndProject
Project("{8BC9CEB8-8B4A-11D0-8D11-00A0C91BC942}") = "22 - Encode and Decode Strings", "22 - Encode and Decode Strings\22 - Encode and Decode Strings.vcxproj", "{1BA9BCA4-1F03-4F13-B4F5-2907C0E71A89}"
EndProject
Project("{8BC9CEB8-8B4A-11D0-8D11-00A0C91BC942}") = "23 - Products of Array Except Self", "23 - Products of Array Except Self\23 - Products of Array Except Self.vcxproj", "{99878B70-5B28-483A-A7C0-743E113773AD}"
EndProject
Project("{8BC9CEB8-8B4A-11D0-8D11-00A0C91BC942}") = "24 - Longest Consecutive Sequence", "24 - Longest Consecutive Sequence\24 - Longest Consecutive Sequence.vcxproj", "{FADC0771-93B6-40FE-A252-2C0DA3AF248F}"
EndProject
Project("{8BC9CEB8-8B4A-11D0-8D11-00A0C91BC942}") = "25 - 3Sum", "25 - 3Sum\25 - 3Sum.vcxproj", "{DBB76162-FC1D-4DB9-985A-E81FA93107DA}"
EndProject
Project("{8BC9CEB8-8B4A-11D0-8D11-00A0C91BC942}") = "26 - Container With Most Water", "26 - Container With Most Water\26 - Container With Most Water.vcxproj", "{F7B1F3FF-0C47-4D4F-9945-4E09891B5257}"
EndProject
Project("{8BC9CEB8-8B4A-11D0-8D11-00A0C91BC942}") = "27 - Longest Substring Without Repeating Characters", "27 - Longest Substring Without Repeating Characters\27 - Longest Substring Without Repeating Characters.vcxproj", "{F29D9319-AC98-400C-AC87-0245C71DE3BC}"
EndProject
Project("{8BC9CEB8-8B4A-11D0-8D11-00A0C91BC942}") = "28 - Longest Repeating Character Replacement", "28 - Longest Repeating Character Replacement\28 - Longest Repeating Character Replacement.vcxproj", "{8902CA67-6FA5-4FD3-9678-81AEF4EB9422}"
EndProject
Project("{8BC9CEB8-8B4A-11D0-8D11-00A0C91BC942}") = "29 - Find Minimum In Rotated Sorted Array", "29 - Find Minimum In Rotated Sorted Array\29 - Find Minimum In Rotated Sorted Array.vcxproj", "{B5FE6E48-209C-48E9-8052-3DC8C039D1EE}"
EndProject
Project("{8BC9CEB8-8B4A-11D0-8D11-00A0C91BC942}") = "30 - Search in Rotated Sorted Array", "30 - Search in Rotated Sorted Array\30 - Search in Rotated Sorted Array.vcxproj", "{E24C7700-8599-4F10-BB92-932742CB71B0}"
EndProject
Project("{8BC9CEB8-8B4A-11D0-8D11-00A0C91BC942}") = "31 - Reorder Linked List", "31 - Reorder Linked List\31 - Reorder Linked List.vcxproj", "{F16FF23E-BD9E-478E-8EC6-07E06B8E332A}"
EndProject
Project("{8BC9CEB8-8B4A-11D0-8D11-00A0C91BC942}") = "32 - Remove Node From End of Linked List", "32 - Remove Node From End of Linked List\32 - Remove Node From End of Linked List.vcxproj", "{FBF1870D-56B4-4683-A94D-D4D2ADE33DA2}"
EndProject
Project("{8BC9CEB8-8B4A-11D0-8D11-00A0C91BC942}") = "33 - Lowest Common Ancestor in Binary Search Tree", "33 - Lowest Common Ancestor in Binary Search Tree\33 - Lowest Common Ancestor in Binary Search Tree.vcxproj", "{12DF903C-89D2-4015-AEB9-B656096F8465}"
EndProject
Project("{8BC9CEB8-8B4A-11D0-8D11-00A0C91BC942}") = "34 - Binary Tree Level Order Traversal", "34 - Binary Tree Level Order Traversal\34 - Binary Tree Level Order Traversal.vcxproj", "{70948AEF-2810-40BC-AC32-738F8F476133}"
EndProject
Project("{8BC9CEB8-8B4A-11D0-8D11-00A0C91BC942}") = "35 - Valid Binary Search Tree", "35 - Valid Binary Search Tree\35 - Valid Binary Search Tree.vcxproj", "{978EA6F6-76F6-40E0-B69F-C4C663F51F9B}"
EndProject
Project("{8BC9CEB8-8B4A-11D0-8D11-00A0C91BC942}") = "36 - Kth Smallest Integer in BST", "36 - Kth Smallest Integer in BST\36 - Kth Smallest Integer in BST.vcxproj", "{3B9A1887-FCDD-4005-BC14-D163E00BC2B0}"
EndProject
Project("{8BC9CEB8-8B4A-11D0-8D11-00A0C91BC942}") = "37 - Construct Binary Tree from Preorder and Inorder Traversal", "37 - Construct Binary Tree from Preorder and Inorder Traversal\37 - Construct Binary Tree from Preorder and Inorder Traversal.vcxproj", "{C84CB4A2-50FE-4C94-8791-0FC189D98659}"
EndProject
Project("{8BC9CEB8-8B4A-11D0-8D11-00A0C91BC942}") = "38 - Combination Sum", "38 - Combination Sum\38 - Combination Sum.vcxproj", "{0F4F7025-5911-4458-94EB-A886AD151856}"
EndProject
Project("{8BC9CEB8-8B4A-11D0-8D11-00A0C91BC942}") = "39 - Word Search", "39 - Word Search\39 - Word Search.vcxproj", "{C2B935E6-8D42-428F-863C-12AD3AF597B6}"
EndProject
Project("{8BC9CEB8-8B4A-11D0-8D11-00A0C91BC942}") = "40 - Implement Trie (Prefix Tree)", "40 - Implement Trie (Prefix Tree)\40 - Implement Trie (Prefix Tree).vcxproj", "{D7205176-7B49-4ADE-8645-991FDE2132F9}"
EndProject
Project("{8BC9CEB8-8B4A-11D0-8D11-00A0C91BC942}") = "41 - Design Add and Search Word Data Structure", "41 - Design Add and Search Word Data Structure\41 - Design Add and Search Word Data Structure.vcxproj", "{C951EEB6-6C21-4715-BB48-F60036FC05D4}"
EndProject
Project("{8BC9CEB8-8B4A-11D0-8D11-00A0C91BC942}") = "42 - Number of Islands", "42 - Number of Islands\42 - Number of Islands.vcxproj", "{0FF39F90-6C9E-46B1-988B-EE12CD08D409}"
EndProject
Project("{8BC9CEB8-8B4A-11D0-8D11-00A0C91BC942}") = "43 - Clone Graph", "43 - Clone Graph\43 - Clone Graph.vcxproj", "{61EEB5F5-0631-4634-8637-A78C90EFF14A}"
EndProject
Project("{8BC9CEB8-8B4A-11D0-8D11-00A0C91BC942}") = "44 - Pacific Atlantic Water Flow", "44 - Pacific Atlantic Water Flow\44 - Pacific Atlantic Water Flow.vcxproj", "{66CD35BF-9377-42AF-A0AE-5DB7BAEC7794}"
EndProject
Project("{8BC9CEB8-8B4A-11D0-8D11-00A0C91BC942}") = "45 - Course Schedule", "45 - Course Schedule\45 - Course Schedule.vcxproj", "{ECBB9A12-4FF0-450B-BB91-FBA49E1F3774}"
EndProject
Project("{8BC9CEB8-8B4A-11D0-8D11-00A0C91BC942}") = "46 - Graph Valid Tree", "46 - Graph Valid Tree\46 - Graph Valid Tree.vcxproj", "{A28EADF2-2108-47B0-BEBE-ED474522DB96}"
EndProject
Project("{8BC9CEB8-8B4A-11D0-8D11-00A0C91BC942}") = "47 - Number of Connected Components in an Undirected Graph", "47 - Number of Connected Components in an Undirected Graph\47 - Number of Connected Components in an Undirected Graph.vcxproj", "{9C682861-52A4-42F3-9E6E-C40EEEFA5B94}"
EndProject
Project("{8BC9CEB8-8B4A-11D0-8D11-00A0C91BC942}") = "48 - House Robber", "48 - House Robber\48 - House Robber.vcxproj", "{C9F7CEF1-ACEF-434A-97A9-252371929287}"
EndProject
Project("{8BC9CEB8-8B4A-11D0-8D11-00A0C91BC942}") = "49 - House Robber II", "49 - House Robber II\49 - House Robber II.vcxproj", "{D76C4DE3-A913-49F0-8BE1-779EF18A0744}"
EndProject
Global
	GlobalSection(SolutionConfigurationPlatforms) = preSolution
		Debug|x64 = Debug|x64
		Debug|x86 = Debug|x86
		Release|x64 = Release|x64
		Release|x86 = Release|x86
	EndGlobalSection
	GlobalSection(ProjectConfigurationPlatforms) = postSolution
		{0BBE263D-109A-49EE-95AB-C80F567A4E52}.Debug|x64.ActiveCfg = Debug|x64
		{0BBE263D-109A-49EE-95AB-C80F567A4E52}.Debug|x64.Build.0 = Debug|x64
		{0BBE263D-109A-49EE-95AB-C80F567A4E52}.Debug|x86.ActiveCfg = Debug|Win32
		{0BBE263D-109A-49EE-95AB-C80F567A4E52}.Debug|x86.Build.0 = Debug|Win32
		{0BBE263D-109A-49EE-95AB-C80F567A4E52}.Release|x64.ActiveCfg = Release|x64
		{0BBE263D-109A-49EE-95AB-C80F567A4E52}.Release|x64.Build.0 = Release|x64
		{0BBE263D-109A-49EE-95AB-C80F567A4E52}.Release|x86.ActiveCfg = Release|Win32
		{0BBE263D-109A-49EE-95AB-C80F567A4E52}.Release|x86.Build.0 = Release|Win32
		{BFC2A6A4-6AD6-4EF5-8A47-CD3BF80561AC}.Debug|x64.ActiveCfg = Debug|x64
		{BFC2A6A4-6AD6-4EF5-8A47-CD3BF80561AC}.Debug|x64.Build.0 = Debug|x64
		{BFC2A6A4-6AD6-4EF5-8A47-CD3BF80561AC}.Debug|x86.ActiveCfg = Debug|Win32
		{BFC2A6A4-6AD6-4EF5-8A47-CD3BF80561AC}.Debug|x86.Build.0 = Debug|Win32
		{BFC2A6A4-6AD6-4EF5-8A47-CD3BF80561AC}.Release|x64.ActiveCfg = Release|x64
		{BFC2A6A4-6AD6-4EF5-8A47-CD3BF80561AC}.Release|x64.Build.0 = Release|x64
		{BFC2A6A4-6AD6-4EF5-8A47-CD3BF80561AC}.Release|x86.ActiveCfg = Release|Win32
		{BFC2A6A4-6AD6-4EF5-8A47-CD3BF80561AC}.Release|x86.Build.0 = Release|Win32
		{9A0791B4-6C8C-4D64-92B3-409A8C508032}.Debug|x64.ActiveCfg = Debug|x64
		{9A0791B4-6C8C-4D64-92B3-409A8C508032}.Debug|x64.Build.0 = Debug|x64
		{9A0791B4-6C8C-4D64-92B3-409A8C508032}.Debug|x86.ActiveCfg = Debug|Win32
		{9A0791B4-6C8C-4D64-92B3-409A8C508032}.Debug|x86.Build.0 = Debug|Win32
		{9A0791B4-6C8C-4D64-92B3-409A8C508032}.Release|x64.ActiveCfg = Release|x64
		{9A0791B4-6C8C-4D64-92B3-409A8C508032}.Release|x64.Build.0 = Release|x64
		{9A0791B4-6C8C-4D64-92B3-409A8C508032}.Release|x86.ActiveCfg = Release|Win32
		{9A0791B4-6C8C-4D64-92B3-409A8C508032}.Release|x86.Build.0 = Release|Win32
		{ED025766-0EB9-4465-9797-D52A9FC6D8C3}.Debug|x64.ActiveCfg = Debug|x64
		{ED025766-0EB9-4465-9797-D52A9FC6D8C3}.Debug|x64.Build.0 = Debug|x64
		{ED025766-0EB9-4465-9797-D52A9FC6D8C3}.Debug|x86.ActiveCfg = Debug|Win32
		{ED025766-0EB9-4465-9797-D52A9FC6D8C3}.Debug|x86.Build.0 = Debug|Win32
		{ED025766-0EB9-4465-9797-D52A9FC6D8C3}.Release|x64.ActiveCfg = Release|x64
		{ED025766-0EB9-4465-9797-D52A9FC6D8C3}.Release|x64.Build.0 = Release|x64
		{ED025766-0EB9-4465-9797-D52A9FC6D8C3}.Release|x86.ActiveCfg = Release|Win32
		{ED025766-0EB9-4465-9797-D52A9FC6D8C3}.Release|x86.Build.0 = Release|Win32
		{90C29882-3AEA-4276-B34F-766856FEF3B8}.Debug|x64.ActiveCfg = Debug|x64
		{90C29882-3AEA-4276-B34F-766856FEF3B8}.Debug|x64.Build.0 = Debug|x64
		{90C29882-3AEA-4276-B34F-766856FEF3B8}.Debug|x86.ActiveCfg = Debug|Win32
		{90C29882-3AEA-4276-B34F-766856FEF3B8}.Debug|x86.Build.0 = Debug|Win32
		{90C29882-3AEA-4276-B34F-766856FEF3B8}.Release|x64.ActiveCfg = Release|x64
		{90C29882-3AEA-4276-B34F-766856FEF3B8}.Release|x64.Build.0 = Release|x64
		{90C29882-3AEA-4276-B34F-766856FEF3B8}.Release|x86.ActiveCfg = Release|Win32
		{90C29882-3AEA-4276-B34F-766856FEF3B8}.Release|x86.Build.0 = Release|Win32
		{450556D6-EE2C-45A5-BA44-56EDFFB1807E}.Debug|x64.ActiveCfg = Debug|x64
		{450556D6-EE2C-45A5-BA44-56EDFFB1807E}.Debug|x64.Build.0 = Debug|x64
		{450556D6-EE2C-45A5-BA44-56EDFFB1807E}.Debug|x86.ActiveCfg = Debug|Win32
		{450556D6-EE2C-45A5-BA44-56EDFFB1807E}.Debug|x86.Build.0 = Debug|Win32
		{450556D6-EE2C-45A5-BA44-56EDFFB1807E}.Release|x64.ActiveCfg = Release|x64
		{450556D6-EE2C-45A5-BA44-56EDFFB1807E}.Release|x64.Build.0 = Release|x64
		{450556D6-EE2C-45A5-BA44-56EDFFB1807E}.Release|x86.ActiveCfg = Release|Win32
		{450556D6-EE2C-45A5-BA44-56EDFFB1807E}.Release|x86.Build.0 = Release|Win32
		{5974949D-FF35-41DB-A322-4B62C615439A}.Debug|x64.ActiveCfg = Debug|x64
		{5974949D-FF35-41DB-A322-4B62C615439A}.Debug|x64.Build.0 = Debug|x64
		{5974949D-FF35-41DB-A322-4B62C615439A}.Debug|x86.ActiveCfg = Debug|Win32
		{5974949D-FF35-41DB-A322-4B62C615439A}.Debug|x86.Build.0 = Debug|Win32
		{5974949D-FF35-41DB-A322-4B62C615439A}.Release|x64.ActiveCfg = Release|x64
		{5974949D-FF35-41DB-A322-4B62C615439A}.Release|x64.Build.0 = Release|x64
		{5974949D-FF35-41DB-A322-4B62C615439A}.Release|x86.ActiveCfg = Release|Win32
		{5974949D-FF35-41DB-A322-4B62C615439A}.Release|x86.Build.0 = Release|Win32
		{908FE164-0744-401E-B63A-40AC888F9C45}.Debug|x64.ActiveCfg = Debug|x64
		{908FE164-0744-401E-B63A-40AC888F9C45}.Debug|x64.Build.0 = Debug|x64
		{908FE164-0744-401E-B63A-40AC888F9C45}.Debug|x86.ActiveCfg = Debug|Win32
		{908FE164-0744-401E-B63A-40AC888F9C45}.Debug|x86.Build.0 = Debug|Win32
		{908FE164-0744-401E-B63A-40AC888F9C45}.Release|x64.ActiveCfg = Release|x64
		{908FE164-0744-401E-B63A-40AC888F9C45}.Release|x64.Build.0 = Release|x64
		{908FE164-0744-401E-B63A-40AC888F9C45}.Release|x86.ActiveCfg = Release|Win32
		{908FE164-0744-401E-B63A-40AC888F9C45}.Release|x86.Build.0 = Release|Win32
		{A4074649-774E-438B-8C04-DDC79E86D4CB}.Debug|x64.ActiveCfg = Debug|x64
		{A4074649-774E-438B-8C04-DDC79E86D4CB}.Debug|x64.Build.0 = Debug|x64
		{A4074649-774E-438B-8C04-DDC79E86D4CB}.Debug|x86.ActiveCfg = Debug|Win32
		{A4074649-774E-438B-8C04-DDC79E86D4CB}.Debug|x86.Build.0 = Debug|Win32
		{A4074649-774E-438B-8C04-DDC79E86D4CB}.Release|x64.ActiveCfg = Release|x64
		{A4074649-774E-438B-8C04-DDC79E86D4CB}.Release|x64.Build.0 = Release|x64
		{A4074649-774E-438B-8C04-DDC79E86D4CB}.Release|x86.ActiveCfg = Release|Win32
		{A4074649-774E-438B-8C04-DDC79E86D4CB}.Release|x86.Build.0 = Release|Win32
		{24CFEE58-2B72-499D-AC56-077D9D0ED8C7}.Debug|x64.ActiveCfg = Debug|x64
		{24CFEE58-2B72-499D-AC56-077D9D0ED8C7}.Debug|x64.Build.0 = Debug|x64
		{24CFEE58-2B72-499D-AC56-077D9D0ED8C7}.Debug|x86.ActiveCfg = Debug|Win32
		{24CFEE58-2B72-499D-AC56-077D9D0ED8C7}.Debug|x86.Build.0 = Debug|Win32
		{24CFEE58-2B72-499D-AC56-077D9D0ED8C7}.Release|x64.ActiveCfg = Release|x64
		{24CFEE58-2B72-499D-AC56-077D9D0ED8C7}.Release|x64.Build.0 = Release|x64
		{24CFEE58-2B72-499D-AC56-077D9D0ED8C7}.Release|x86.ActiveCfg = Release|Win32
		{24CFEE58-2B72-499D-AC56-077D9D0ED8C7}.Release|x86.Build.0 = Release|Win32
		{17A7FDB0-A32E-49F3-BE3F-96DE43D09160}.Debug|x64.ActiveCfg = Debug|x64
		{17A7FDB0-A32E-49F3-BE3F-96DE43D09160}.Debug|x64.Build.0 = Debug|x64
		{17A7FDB0-A32E-49F3-BE3F-96DE43D09160}.Debug|x86.ActiveCfg = Debug|Win32
		{17A7FDB0-A32E-49F3-BE3F-96DE43D09160}.Debug|x86.Build.0 = Debug|Win32
		{17A7FDB0-A32E-49F3-BE3F-96DE43D09160}.Release|x64.ActiveCfg = Release|x64
		{17A7FDB0-A32E-49F3-BE3F-96DE43D09160}.Release|x64.Build.0 = Release|x64
		{17A7FDB0-A32E-49F3-BE3F-96DE43D09160}.Release|x86.ActiveCfg = Release|Win32
		{17A7FDB0-A32E-49F3-BE3F-96DE43D09160}.Release|x86.Build.0 = Release|Win32
		{1824DBE8-0C3B-4D21-A824-6661A61DB6D8}.Debug|x64.ActiveCfg = Debug|x64
		{1824DBE8-0C3B-4D21-A824-6661A61DB6D8}.Debug|x64.Build.0 = Debug|x64
		{1824DBE8-0C3B-4D21-A824-6661A61DB6D8}.Debug|x86.ActiveCfg = Debug|Win32
		{1824DBE8-0C3B-4D21-A824-6661A61DB6D8}.Debug|x86.Build.0 = Debug|Win32
		{1824DBE8-0C3B-4D21-A824-6661A61DB6D8}.Release|x64.ActiveCfg = Release|x64
		{1824DBE8-0C3B-4D21-A824-6661A61DB6D8}.Release|x64.Build.0 = Release|x64
		{1824DBE8-0C3B-4D21-A824-6661A61DB6D8}.Release|x86.ActiveCfg = Release|Win32
		{1824DBE8-0C3B-4D21-A824-6661A61DB6D8}.Release|x86.Build.0 = Release|Win32
		{DF051D17-17C2-4129-B020-C3A0F4F93EE7}.Debug|x64.ActiveCfg = Debug|x64
		{DF051D17-17C2-4129-B020-C3A0F4F93EE7}.Debug|x64.Build.0 = Debug|x64
		{DF051D17-17C2-4129-B020-C3A0F4F93EE7}.Debug|x86.ActiveCfg = Debug|Win32
		{DF051D17-17C2-4129-B020-C3A0F4F93EE7}.Debug|x86.Build.0 = Debug|Win32
		{DF051D17-17C2-4129-B020-C3A0F4F93EE7}.Release|x64.ActiveCfg = Release|x64
		{DF051D17-17C2-4129-B020-C3A0F4F93EE7}.Release|x64.Build.0 = Release|x64
		{DF051D17-17C2-4129-B020-C3A0F4F93EE7}.Release|x86.ActiveCfg = Release|Win32
		{DF051D17-17C2-4129-B020-C3A0F4F93EE7}.Release|x86.Build.0 = Release|Win32
		{E7737C03-7219-4AD1-BB22-E07774B6636C}.Debug|x64.ActiveCfg = Debug|x64
		{E7737C03-7219-4AD1-BB22-E07774B6636C}.Debug|x64.Build.0 = Debug|x64
		{E7737C03-7219-4AD1-BB22-E07774B6636C}.Debug|x86.ActiveCfg = Debug|Win32
		{E7737C03-7219-4AD1-BB22-E07774B6636C}.Debug|x86.Build.0 = Debug|Win32
		{E7737C03-7219-4AD1-BB22-E07774B6636C}.Release|x64.ActiveCfg = Release|x64
		{E7737C03-7219-4AD1-BB22-E07774B6636C}.Release|x64.Build.0 = Release|x64
		{E7737C03-7219-4AD1-BB22-E07774B6636C}.Release|x86.ActiveCfg = Release|Win32
		{E7737C03-7219-4AD1-BB22-E07774B6636C}.Release|x86.Build.0 = Release|Win32
		{3EC791A6-AAC8-4A58-BDB0-948BEB776BE6}.Debug|x64.ActiveCfg = Debug|x64
		{3EC791A6-AAC8-4A58-BDB0-948BEB776BE6}.Debug|x64.Build.0 = Debug|x64
		{3EC791A6-AAC8-4A58-BDB0-948BEB776BE6}.Debug|x86.ActiveCfg = Debug|Win32
		{3EC791A6-AAC8-4A58-BDB0-948BEB776BE6}.Debug|x86.Build.0 = Debug|Win32
		{3EC791A6-AAC8-4A58-BDB0-948BEB776BE6}.Release|x64.ActiveCfg = Release|x64
		{3EC791A6-AAC8-4A58-BDB0-948BEB776BE6}.Release|x64.Build.0 = Release|x64
		{3EC791A6-AAC8-4A58-BDB0-948BEB776BE6}.Release|x86.ActiveCfg = Release|Win32
		{3EC791A6-AAC8-4A58-BDB0-948BEB776BE6}.Release|x86.Build.0 = Release|Win32
		{46B86D11-1FDD-4097-81E3-736DBAD00C82}.Debug|x64.ActiveCfg = Debug|x64
		{46B86D11-1FDD-4097-81E3-736DBAD00C82}.Debug|x64.Build.0 = Debug|x64
		{46B86D11-1FDD-4097-81E3-736DBAD00C82}.Debug|x86.ActiveCfg = Debug|Win32
		{46B86D11-1FDD-4097-81E3-736DBAD00C82}.Debug|x86.Build.0 = Debug|Win32
		{46B86D11-1FDD-4097-81E3-736DBAD00C82}.Release|x64.ActiveCfg = Release|x64
		{46B86D11-1FDD-4097-81E3-736DBAD00C82}.Release|x64.Build.0 = Release|x64
		{46B86D11-1FDD-4097-81E3-736DBAD00C82}.Release|x86.ActiveCfg = Release|Win32
		{46B86D11-1FDD-4097-81E3-736DBAD00C82}.Release|x86.Build.0 = Release|Win32
		{4CE5B4FE-68E5-44D7-8C90-F055D41DB992}.Debug|x64.ActiveCfg = Debug|x64
		{4CE5B4FE-68E5-44D7-8C90-F055D41DB992}.Debug|x64.Build.0 = Debug|x64
		{4CE5B4FE-68E5-44D7-8C90-F055D41DB992}.Debug|x86.ActiveCfg = Debug|Win32
		{4CE5B4FE-68E5-44D7-8C90-F055D41DB992}.Debug|x86.Build.0 = Debug|Win32
		{4CE5B4FE-68E5-44D7-8C90-F055D41DB992}.Release|x64.ActiveCfg = Release|x64
		{4CE5B4FE-68E5-44D7-8C90-F055D41DB992}.Release|x64.Build.0 = Release|x64
		{4CE5B4FE-68E5-44D7-8C90-F055D41DB992}.Release|x86.ActiveCfg = Release|Win32
		{4CE5B4FE-68E5-44D7-8C90-F055D41DB992}.Release|x86.Build.0 = Release|Win32
		{89198759-FCB6-4294-ABB3-BF809431DED2}.Debug|x64.ActiveCfg = Debug|x64
		{89198759-FCB6-4294-ABB3-BF809431DED2}.Debug|x64.Build.0 = Debug|x64
		{89198759-FCB6-4294-ABB3-BF809431DED2}.Debug|x86.ActiveCfg = Debug|Win32
		{89198759-FCB6-4294-ABB3-BF809431DED2}.Debug|x86.Build.0 = Debug|Win32
		{89198759-FCB6-4294-ABB3-BF809431DED2}.Release|x64.ActiveCfg = Release|x64
		{89198759-FCB6-4294-ABB3-BF809431DED2}.Release|x64.Build.0 = Release|x64
		{89198759-FCB6-4294-ABB3-BF809431DED2}.Release|x86.ActiveCfg = Release|Win32
		{89198759-FCB6-4294-ABB3-BF809431DED2}.Release|x86.Build.0 = Release|Win32
		{E2C11AF1-9866-44DD-8992-A217BEE25ADA}.Debug|x64.ActiveCfg = Debug|x64
		{E2C11AF1-9866-44DD-8992-A217BEE25ADA}.Debug|x64.Build.0 = Debug|x64
		{E2C11AF1-9866-44DD-8992-A217BEE25ADA}.Debug|x86.ActiveCfg = Debug|Win32
		{E2C11AF1-9866-44DD-8992-A217BEE25ADA}.Debug|x86.Build.0 = Debug|Win32
		{E2C11AF1-9866-44DD-8992-A217BEE25ADA}.Release|x64.ActiveCfg = Release|x64
		{E2C11AF1-9866-44DD-8992-A217BEE25ADA}.Release|x64.Build.0 = Release|x64
		{E2C11AF1-9866-44DD-8992-A217BEE25ADA}.Release|x86.ActiveCfg = Release|Win32
		{E2C11AF1-9866-44DD-8992-A217BEE25ADA}.Release|x86.Build.0 = Release|Win32
		{4926CAEF-CDA5-413E-914D-6F7E66F6DBDA}.Debug|x64.ActiveCfg = Debug|x64
		{4926CAEF-CDA5-413E-914D-6F7E66F6DBDA}.Debug|x64.Build.0 = Debug|x64
		{4926CAEF-CDA5-413E-914D-6F7E66F6DBDA}.Debug|x86.ActiveCfg = Debug|Win32
		{4926CAEF-CDA5-413E-914D-6F7E66F6DBDA}.Debug|x86.Build.0 = Debug|Win32
		{4926CAEF-CDA5-413E-914D-6F7E66F6DBDA}.Release|x64.ActiveCfg = Release|x64
		{4926CAEF-CDA5-413E-914D-6F7E66F6DBDA}.Release|x64.Build.0 = Release|x64
		{4926CAEF-CDA5-413E-914D-6F7E66F6DBDA}.Release|x86.ActiveCfg = Release|Win32
		{4926CAEF-CDA5-413E-914D-6F7E66F6DBDA}.Release|x86.Build.0 = Release|Win32
		{D98C770C-B9FB-485C-8D71-10271418B61A}.Debug|x64.ActiveCfg = Debug|x64
		{D98C770C-B9FB-485C-8D71-10271418B61A}.Debug|x64.Build.0 = Debug|x64
		{D98C770C-B9FB-485C-8D71-10271418B61A}.Debug|x86.ActiveCfg = Debug|Win32
		{D98C770C-B9FB-485C-8D71-10271418B61A}.Debug|x86.Build.0 = Debug|Win32
		{D98C770C-B9FB-485C-8D71-10271418B61A}.Release|x64.ActiveCfg = Release|x64
		{D98C770C-B9FB-485C-8D71-10271418B61A}.Release|x64.Build.0 = Release|x64
		{D98C770C-B9FB-485C-8D71-10271418B61A}.Release|x86.ActiveCfg = Release|Win32
		{D98C770C-B9FB-485C-8D71-10271418B61A}.Release|x86.Build.0 = Release|Win32
		{1BA9BCA4-1F03-4F13-B4F5-2907C0E71A89}.Debug|x64.ActiveCfg = Debug|x64
		{1BA9BCA4-1F03-4F13-B4F5-2907C0E71A89}.Debug|x64.Build.0 = Debug|x64
		{1BA9BCA4-1F03-4F13-B4F5-2907C0E71A89}.Debug|x86.ActiveCfg = Debug|Win32
		{1BA9BCA4-1F03-4F13-B4F5-2907C0E71A89}.Debug|x86.Build.0 = Debug|Win32
		{1BA9BCA4-1F03-4F13-B4F5-2907C0E71A89}.Release|x64.ActiveCfg = Release|x64
		{1BA9BCA4-1F03-4F13-B4F5-2907C0E71A89}.Release|x64.Build.0 = Release|x64
		{1BA9BCA4-1F03-4F13-B4F5-2907C0E71A89}.Release|x86.ActiveCfg = Release|Win32
		{1BA9BCA4-1F03-4F13-B4F5-2907C0E71A89}.Release|x86.Build.0 = Release|Win32
		{99878B70-5B28-483A-A7C0-743E113773AD}.Debug|x64.ActiveCfg = Debug|x64
		{99878B70-5B28-483A-A7C0-743E113773AD}.Debug|x64.Build.0 = Debug|x64
		{99878B70-5B28-483A-A7C0-743E113773AD}.Debug|x86.ActiveCfg = Debug|Win32
		{99878B70-5B28-483A-A7C0-743E113773AD}.Debug|x86.Build.0 = Debug|Win32
		{99878B70-5B28-483A-A7C0-743E113773AD}.Release|x64.ActiveCfg = Release|x64
		{99878B70-5B28-483A-A7C0-743E113773AD}.Release|x64.Build.0 = Release|x64
		{99878B70-5B28-483A-A7C0-743E113773AD}.Release|x86.ActiveCfg = Release|Win32
		{99878B70-5B28-483A-A7C0-743E113773AD}.Release|x86.Build.0 = Release|Win32
		{FADC0771-93B6-40FE-A252-2C0DA3AF248F}.Debug|x64.ActiveCfg = Debug|x64
		{FADC0771-93B6-40FE-A252-2C0DA3AF248F}.Debug|x64.Build.0 = Debug|x64
		{FADC0771-93B6-40FE-A252-2C0DA3AF248F}.Debug|x86.ActiveCfg = Debug|Win32
		{FADC0771-93B6-40FE-A252-2C0DA3AF248F}.Debug|x86.Build.0 = Debug|Win32
		{FADC0771-93B6-40FE-A252-2C0DA3AF248F}.Release|x64.ActiveCfg = Release|x64
		{FADC0771-93B6-40FE-A252-2C0DA3AF248F}.Release|x64.Build.0 = Release|x64
		{FADC0771-93B6-40FE-A252-2C0DA3AF248F}.Release|x86.ActiveCfg = Release|Win32
		{FADC0771-93B6-40FE-A252-2C0DA3AF248F}.Release|x86.Build.0 = Release|Win32
		{DBB76162-FC1D-4DB9-985A-E81FA93107DA}.Debug|x64.ActiveCfg = Debug|x64
		{DBB76162-FC1D-4DB9-985A-E81FA93107DA}.Debug|x64.Build.0 = Debug|x64
		{DBB76162-FC1D-4DB9-985A-E81FA93107DA}.Debug|x86.ActiveCfg = Debug|Win32
		{DBB76162-FC1D-4DB9-985A-E81FA93107DA}.Debug|x86.Build.0 = Debug|Win32
		{DBB76162-FC1D-4DB9-985A-E81FA93107DA}.Release|x64.ActiveCfg = Release|x64
		{DBB76162-FC1D-4DB9-985A-E81FA93107DA}.Release|x64.Build.0 = Release|x64
		{DBB76162-FC1D-4DB9-985A-E81FA93107DA}.Release|x86.ActiveCfg = Release|Win32
		{DBB76162-FC1D-4DB9-985A-E81FA93107DA}.Release|x86.Build.0 = Release|Win32
		{F7B1F3FF-0C47-4D4F-9945-4E09891B5257}.Debug|x64.ActiveCfg = Debug|x64
		{F7B1F3FF-0C47-4D4F-9945-4E09891B5257}.Debug|x64.Build.0 = Debug|x64
		{F7B1F3FF-0C47-4D4F-9945-4E09891B5257}.Debug|x86.ActiveCfg = Debug|Win32
		{F7B1F3FF-0C47-4D4F-9945-4E09891B5257}.Debug|x86.Build.0 = Debug|Win32
		{F7B1F3FF-0C47-4D4F-9945-4E09891B5257}.Release|x64.ActiveCfg = Release|x64
		{F7B1F3FF-0C47-4D4F-9945-4E09891B5257}.Release|x64.Build.0 = Release|x64
		{F7B1F3FF-0C47-4D4F-9945-4E09891B5257}.Release|x86.ActiveCfg = Release|Win32
		{F7B1F3FF-0C47-4D4F-9945-4E09891B5257}.Release|x86.Build.0 = Release|Win32
		{F29D9319-AC98-400C-AC87-0245C71DE3BC}.Debug|x64.ActiveCfg = Debug|x64
		{F29D9319-AC98-400C-AC87-0245C71DE3BC}.Debug|x64.Build.0 = Debug|x64
		{F29D9319-AC98-400C-AC87-0245C71DE3BC}.Debug|x86.ActiveCfg = Debug|Win32
		{F29D9319-AC98-400C-AC87-0245C71DE3BC}.Debug|x86.Build.0 = Debug|Win32
		{F29D9319-AC98-400C-AC87-0245C71DE3BC}.Release|x64.ActiveCfg = Release|x64
		{F29D9319-AC98-400C-AC87-0245C71DE3BC}.Release|x64.Build.0 = Release|x64
		{F29D9319-AC98-400C-AC87-0245C71DE3BC}.Release|x86.ActiveCfg = Release|Win32
		{F29D9319-AC98-400C-AC87-0245C71DE3BC}.Release|x86.Build.0 = Release|Win32
		{8902CA67-6FA5-4FD3-9678-81AEF4EB9422}.Debug|x64.ActiveCfg = Debug|x64
		{8902CA67-6FA5-4FD3-9678-81AEF4EB9422}.Debug|x64.Build.0 = Debug|x64
		{8902CA67-6FA5-4FD3-9678-81AEF4EB9422}.Debug|x86.ActiveCfg = Debug|Win32
		{8902CA67-6FA5-4FD3-9678-81AEF4EB9422}.Debug|x86.Build.0 = Debug|Win32
		{8902CA67-6FA5-4FD3-9678-81AEF4EB9422}.Release|x64.ActiveCfg = Release|x64
		{8902CA67-6FA5-4FD3-9678-81AEF4EB9422}.Release|x64.Build.0 = Release|x64
		{8902CA67-6FA5-4FD3-9678-81AEF4EB9422}.Release|x86.ActiveCfg = Release|Win32
		{8902CA67-6FA5-4FD3-9678-81AEF4EB9422}.Release|x86.Build.0 = Release|Win32
		{B5FE6E48-209C-48E9-8052-3DC8C039D1EE}.Debug|x64.ActiveCfg = Debug|x64
		{B5FE6E48-209C-48E9-8052-3DC8C039D1EE}.Debug|x64.Build.0 = Debug|x64
		{B5FE6E48-209C-48E9-8052-3DC8C039D1EE}.Debug|x86.ActiveCfg = Debug|Win32
		{B5FE6E48-209C-48E9-8052-3DC8C039D1EE}.Debug|x86.Build.0 = Debug|Win32
		{B5FE6E48-209C-48E9-8052-3DC8C039D1EE}.Release|x64.ActiveCfg = Release|x64
		{B5FE6E48-209C-48E9-8052-3DC8C039D1EE}.Release|x64.Build.0 = Release|x64
		{B5FE6E48-209C-48E9-8052-3DC8C039D1EE}.Release|x86.ActiveCfg = Release|Win32
		{B5FE6E48-209C-48E9-8052-3DC8C039D1EE}.Release|x86.Build.0 = Release|Win32
		{E24C7700-8599-4F10-BB92-932742CB71B0}.Debug|x64.ActiveCfg = Debug|x64
		{E24C7700-8599-4F10-BB92-932742CB71B0}.Debug|x64.Build.0 = Debug|x64
		{E24C7700-8599-4F10-BB92-932742CB71B0}.Debug|x86.ActiveCfg = Debug|Win32
		{E24C7700-8599-4F10-BB92-932742CB71B0}.Debug|x86.Build.0 = Debug|Win32
		{E24C7700-8599-4F10-BB92-932742CB71B0}.Release|x64.ActiveCfg = Release|x64
		{E24C7700-8599-4F10-BB92-932742CB71B0}.Release|x64.Build.0 = Release|x64
		{E24C7700-8599-4F10-BB92-932742CB71B0}.Release|x86.ActiveCfg = Release|Win32
		{E24C7700-8599-4F10-BB92-932742CB71B0}.Release|x86.Build.0 = Release|Win32
		{F16FF23E-BD9E-478E-8EC6-07E06B8E332A}.Debug|x64.ActiveCfg = Debug|x64
		{F16FF23E-BD9E-478E-8EC6-07E06B8E332A}.Debug|x64.Build.0 = Debug|x64
		{F16FF23E-BD9E-478E-8EC6-07E06B8E332A}.Debug|x86.ActiveCfg = Debug|Win32
		{F16FF23E-BD9E-478E-8EC6-07E06B8E332A}.Debug|x86.Build.0 = Debug|Win32
		{F16FF23E-BD9E-478E-8EC6-07E06B8E332A}.Release|x64.ActiveCfg = Release|x64
		{F16FF23E-BD9E-478E-8EC6-07E06B8E332A}.Release|x64.Build.0 = Release|x64
		{F16FF23E-BD9E-478E-8EC6-07E06B8E332A}.Release|x86.ActiveCfg = Release|Win32
		{F16FF23E-BD9E-478E-8EC6-07E06B8E332A}.Release|x86.Build.0 = Release|Win32
		{FBF1870D-56B4-4683-A94D-D4D2ADE33DA2}.Debug|x64.ActiveCfg = Debug|x64
		{FBF1870D-56B4-4683-A94D-D4D2ADE33DA2}.Debug|x64.Build.0 = Debug|x64
		{FBF1870D-56B4-4683-A94D-D4D2ADE33DA2}.Debug|x86.ActiveCfg = Debug|Win32
		{FBF1870D-56B4-4683-A94D-D4D2ADE33DA2}.Debug|x86.Build.0 = Debug|Win32
		{FBF1870D-56B4-4683-A94D-D4D2ADE33DA2}.Release|x64.ActiveCfg = Release|x64
		{FBF1870D-56B4-4683-A94D-D4D2ADE33DA2}.Release|x64.Build.0 = Release|x64
		{FBF1870D-56B4-4683-A94D-D4D2ADE33DA2}.Release|x86.ActiveCfg = Release|Win32
		{FBF1870D-56B4-4683-A94D-D4D2ADE33DA2}.Release|x86.Build.0 = Release|Win32
		{12DF903C-89D2-4015-AEB9-B656096F8465}.Debug|x64.ActiveCfg = Debug|x64
		{12DF903C-89D2-4015-AEB9-B656096F8465}.Debug|x64.Build.0 = Debug|x64
		{12DF903C-89D2-4015-AEB9-B656096F8465}.Debug|x86.ActiveCfg = Debug|Win32
		{12DF903C-89D2-4015-AEB9-B656096F8465}.Debug|x86.Build.0 = Debug|Win32
		{12DF903C-89D2-4015-AEB9-B656096F8465}.Release|x64.ActiveCfg = Release|x64
		{12DF903C-89D2-4015-AEB9-B656096F8465}.Release|x64.Build.0 = Release|x64
		{12DF903C-89D2-4015-AEB9-B656096F8465}.Release|x86.ActiveCfg = Release|Win32
		{12DF903C-89D2-4015-AEB9-B656096F8465}.Release|x86.Build.0 = Release|Win32
		{70948AEF-2810-40BC-AC32-738F8F476133}.Debug|x64.ActiveCfg = Debug|x64
		{70948AEF-2810-40BC-AC32-738F8F476133}.Debug|x64.Build.0 = Debug|x64
		{70948AEF-2810-40BC-AC32-738F8F476133}.Debug|x86.ActiveCfg = Debug|Win32
		{70948AEF-2810-40BC-AC32-738F8F476133}.Debug|x86.Build.0 = Debug|Win32
		{70948AEF-2810-40BC-AC32-738F8F476133}.Release|x64.ActiveCfg = Release|x64
		{70948AEF-2810-40BC-AC32-738F8F476133}.Release|x64.Build.0 = Release|x64
		{70948AEF-2810-40BC-AC32-738F8F476133}.Release|x86.ActiveCfg = Release|Win32
		{70948AEF-2810-40BC-AC32-738F8F476133}.Release|x86.Build.0 = Release|Win32
		{978EA6F6-76F6-40E0-B69F-C4C663F51F9B}.Debug|x64.ActiveCfg = Debug|x64
		{978EA6F6-76F6-40E0-B69F-C4C663F51F9B}.Debug|x64.Build.0 = Debug|x64
		{978EA6F6-76F6-40E0-B69F-C4C663F51F9B}.Debug|x86.ActiveCfg = Debug|Win32
		{978EA6F6-76F6-40E0-B69F-C4C663F51F9B}.Debug|x86.Build.0 = Debug|Win32
		{978EA6F6-76F6-40E0-B69F-C4C663F51F9B}.Release|x64.ActiveCfg = Release|x64
		{978EA6F6-76F6-40E0-B69F-C4C663F51F9B}.Release|x64.Build.0 = Release|x64
		{978EA6F6-76F6-40E0-B69F-C4C663F51F9B}.Release|x86.ActiveCfg = Release|Win32
		{978EA6F6-76F6-40E0-B69F-C4C663F51F9B}.Release|x86.Build.0 = Release|Win32
		{3B9A1887-FCDD-4005-BC14-D163E00BC2B0}.Debug|x64.ActiveCfg = Debug|x64
		{3B9A1887-FCDD-4005-BC14-D163E00BC2B0}.Debug|x64.Build.0 = Debug|x64
		{3B9A1887-FCDD-4005-BC14-D163E00BC2B0}.Debug|x86.ActiveCfg = Debug|Win32
		{3B9A1887-FCDD-4005-BC14-D163E00BC2B0}.Debug|x86.Build.0 = Debug|Win32
		{3B9A1887-FCDD-4005-BC14-D163E00BC2B0}.Release|x64.ActiveCfg = Release|x64
		{3B9A1887-FCDD-4005-BC14-D163E00BC2B0}.Release|x64.Build.0 = Release|x64
		{3B9A1887-FCDD-4005-BC14-D163E00BC2B0}.Release|x86.ActiveCfg = Release|Win32
		{3B9A1887-FCDD-4005-BC14-D163E00BC2B0}.Release|x86.Build.0 = Release|Win32
		{C84CB4A2-50FE-4C94-8791-0FC189D98659}.Debug|x64.ActiveCfg = Debug|x64
		{C84CB4A2-50FE-4C94-8791-0FC189D98659}.Debug|x64.Build.0 = Debug|x64
		{C84CB4A2-50FE-4C94-8791-0FC189D98659}.Debug|x86.ActiveCfg = Debug|Win32
		{C84CB4A2-50FE-4C94-8791-0FC189D98659}.Debug|x86.Build.0 = Debug|Win32
		{C84CB4A2-50FE-4C94-8791-0FC189D98659}.Release|x64.ActiveCfg = Release|x64
		{C84CB4A2-50FE-4C94-8791-0FC189D98659}.Release|x64.Build.0 = Release|x64
		{C84CB4A2-50FE-4C94-8791-0FC189D98659}.Release|x86.ActiveCfg = Release|Win32
		{C84CB4A2-50FE-4C94-8791-0FC189D98659}.Release|x86.Build.0 = Release|Win32
		{0F4F7025-5911-4458-94EB-A886AD151856}.Debug|x64.ActiveCfg = Debug|x64
		{0F4F7025-5911-4458-94EB-A886AD151856}.Debug|x64.Build.0 = Debug|x64
		{0F4F7025-5911-4458-94EB-A886AD151856}.Debug|x86.ActiveCfg = Debug|Win32
		{0F4F7025-5911-4458-94EB-A886AD151856}.Debug|x86.Build.0 = Debug|Win32
		{0F4F7025-5911-4458-94EB-A886AD151856}.Release|x64.ActiveCfg = Release|x64
		{0F4F7025-5911-4458-94EB-A886AD151856}.Release|x64.Build.0 = Release|x64
		{0F4F7025-5911-4458-94EB-A886AD151856}.Release|x86.ActiveCfg = Release|Win32
		{0F4F7025-5911-4458-94EB-A886AD151856}.Release|x86.Build.0 = Release|Win32
		{C2B935E6-8D42-428F-863C-12AD3AF597B6}.Debug|x64.ActiveCfg = Debug|x64
		{C2B935E6-8D42-428F-863C-12AD3AF597B6}.Debug|x64.Build.0 = Debug|x64
		{C2B935E6-8D42-428F-863C-12AD3AF597B6}.Debug|x86.ActiveCfg = Debug|Win32
		{C2B935E6-8D42-428F-863C-12AD3AF597B6}.Debug|x86.Build.0 = Debug|Win32
		{C2B935E6-8D42-428F-863C-12AD3AF597B6}.Release|x64.ActiveCfg = Release|x64
		{C2B935E6-8D42-428F-863C-12AD3AF597B6}.Release|x64.Build.0 = Release|x64
		{C2B935E6-8D42-428F-863C-12AD3AF597B6}.Release|x86.ActiveCfg = Release|Win32
		{C2B935E6-8D42-428F-863C-12AD3AF597B6}.Release|x86.Build.0 = Release|Win32
		{D7205176-7B49-4ADE-8645-991FDE2132F9}.Debug|x64.ActiveCfg = Debug|x64
		{D7205176-7B49-4ADE-8645-991FDE2132F9}.Debug|x64.Build.0 = Debug|x64
		{D7205176-7B49-4ADE-8645-991FDE2132F9}.Debug|x86.ActiveCfg = Debug|Win32
		{D7205176-7B49-4ADE-8645-991FDE2132F9}.Debug|x86.Build.0 = Debug|Win32
		{D7205176-7B49-4ADE-8645-991FDE2132F9}.Release|x64.ActiveCfg = Release|x64
		{D7205176-7B49-4ADE-8645-991FDE2132F9}.Release|x64.Build.0 = Release|x64
		{D7205176-7B49-4ADE-8645-991FDE2132F9}.Release|x86.ActiveCfg = Release|Win32
		{D7205176-7B49-4ADE-8645-991FDE2132F9}.Release|x86.Build.0 = Release|Win32
		{C951EEB6-6C21-4715-BB48-F60036FC05D4}.Debug|x64.ActiveCfg = Debug|x64
		{C951EEB6-6C21-4715-BB48-F60036FC05D4}.Debug|x64.Build.0 = Debug|x64
		{C951EEB6-6C21-4715-BB48-F60036FC05D4}.Debug|x86.ActiveCfg = Debug|Win32
		{C951EEB6-6C21-4715-BB48-F60036FC05D4}.Debug|x86.Build.0 = Debug|Win32
		{C951EEB6-6C21-4715-BB48-F60036FC05D4}.Release|x64.ActiveCfg = Release|x64
		{C951EEB6-6C21-4715-BB48-F60036FC05D4}.Release|x64.Build.0 = Release|x64
		{C951EEB6-6C21-4715-BB48-F60036FC05D4}.Release|x86.ActiveCfg = Release|Win32
		{C951EEB6-6C21-4715-BB48-F60036FC05D4}.Release|x86.Build.0 = Release|Win32
		{0FF39F90-6C9E-46B1-988B-EE12CD08D409}.Debug|x64.ActiveCfg = Debug|x64
		{0FF39F90-6C9E-46B1-988B-EE12CD08D409}.Debug|x64.Build.0 = Debug|x64
		{0FF39F90-6C9E-46B1-988B-EE12CD08D409}.Debug|x86.ActiveCfg = Debug|Win32
		{0FF39F90-6C9E-46B1-988B-EE12CD08D409}.Debug|x86.Build.0 = Debug|Win32
		{0FF39F90-6C9E-46B1-988B-EE12CD08D409}.Release|x64.ActiveCfg = Release|x64
		{0FF39F90-6C9E-46B1-988B-EE12CD08D409}.Release|x64.Build.0 = Release|x64
		{0FF39F90-6C9E-46B1-988B-EE12CD08D409}.Release|x86.ActiveCfg = Release|Win32
		{0FF39F90-6C9E-46B1-988B-EE12CD08D409}.Release|x86.Build.0 = Release|Win32
		{61EEB5F5-0631-4634-8637-A78C90EFF14A}.Debug|x64.ActiveCfg = Debug|x64
		{61EEB5F5-0631-4634-8637-A78C90EFF14A}.Debug|x64.Build.0 = Debug|x64
		{61EEB5F5-0631-4634-8637-A78C90EFF14A}.Debug|x86.ActiveCfg = Debug|Win32
		{61EEB5F5-0631-4634-8637-A78C90EFF14A}.Debug|x86.Build.0 = Debug|Win32
		{61EEB5F5-0631-4634-8637-A78C90EFF14A}.Release|x64.ActiveCfg = Release|x64
		{61EEB5F5-0631-4634-8637-A78C90EFF14A}.Release|x64.Build.0 = Release|x64
		{61EEB5F5-0631-4634-8637-A78C90EFF14A}.Release|x86.ActiveCfg = Release|Win32
		{61EEB5F5-0631-4634-8637-A78C90EFF14A}.Release|x86.Build.0 = Release|Win32
		{66CD35BF-9377-42AF-A0AE-5DB7BAEC7794}.Debug|x64.ActiveCfg = Debug|x64
		{66CD35BF-9377-42AF-A0AE-5DB7BAEC7794}.Debug|x64.Build.0 = Debug|x64
		{66CD35BF-9377-42AF-A0AE-5DB7BAEC7794}.Debug|x86.ActiveCfg = Debug|Win32
		{66CD35BF-9377-42AF-A0AE-5DB7BAEC7794}.Debug|x86.Build.0 = Debug|Win32
		{66CD35BF-9377-42AF-A0AE-5DB7BAEC7794}.Release|x64.ActiveCfg = Release|x64
		{66CD35BF-9377-42AF-A0AE-5DB7BAEC7794}.Release|x64.Build.0 = Release|x64
		{66CD35BF-9377-42AF-A0AE-5DB7BAEC7794}.Release|x86.ActiveCfg = Release|Win32
		{66CD35BF-9377-42AF-A0AE-5DB7BAEC7794}.Release|x86.Build.0 = Release|Win32
		{ECBB9A12-4FF0-450B-BB91-FBA49E1F3774}.Debug|x64.ActiveCfg = Debug|x64
		{ECBB9A12-4FF0-450B-BB91-FBA49E1F3774}.Debug|x64.Build.0 = Debug|x64
		{ECBB9A12-4FF0-450B-BB91-FBA49E1F3774}.Debug|x86.ActiveCfg = Debug|Win32
		{ECBB9A12-4FF0-450B-BB91-FBA49E1F3774}.Debug|x86.Build.0 = Debug|Win32
		{ECBB9A12-4FF0-450B-BB91-FBA49E1F3774}.Release|x64.ActiveCfg = Release|x64
		{ECBB9A12-4FF0-450B-BB91-FBA49E1F3774}.Release|x64.Build.0 = Release|x64
		{ECBB9A12-4FF0-450B-BB91-FBA49E1F3774}.Release|x86.ActiveCfg = Release|Win32
		{ECBB9A12-4FF0-450B-BB91-FBA49E1F3774}.Release|x86.Build.0 = Release|Win32
		{A28EADF2-2108-47B0-BEBE-ED474522DB96}.Debug|x64.ActiveCfg = Debug|x64
		{A28EADF2-2108-47B0-BEBE-ED474522DB96}.Debug|x64.Build.0 = Debug|x64
		{A28EADF2-2108-47B0-BEBE-ED474522DB96}.Debug|x86.ActiveCfg = Debug|Win32
		{A28EADF2-2108-47B0-BEBE-ED474522DB96}.Debug|x86.Build.0 = Debug|Win32
		{A28EADF2-2108-47B0-BEBE-ED474522DB96}.Release|x64.ActiveCfg = Release|x64
		{A28EADF2-2108-47B0-BEBE-ED474522DB96}.Release|x64.Build.0 = Release|x64
		{A28EADF2-2108-47B0-BEBE-ED474522DB96}.Release|x86.ActiveCfg = Release|Win32
		{A28EADF2-2108-47B0-BEBE-ED474522DB96}.Release|x86.Build.0 = Release|Win32
		{9C682861-52A4-42F3-9E6E-C40EEEFA5B94}.Debug|x64.ActiveCfg = Debug|x64
		{9C682861-52A4-42F3-9E6E-C40EEEFA5B94}.Debug|x64.Build.0 = Debug|x64
		{9C682861-52A4-42F3-9E6E-C40EEEFA5B94}.Debug|x86.ActiveCfg = Debug|Win32
		{9C682861-52A4-42F3-9E6E-C40EEEFA5B94}.Debug|x86.Build.0 = Debug|Win32
		{9C682861-52A4-42F3-9E6E-C40EEEFA5B94}.Release|x64.ActiveCfg = Release|x64
		{9C682861-52A4-42F3-9E6E-C40EEEFA5B94}.Release|x64.Build.0 = Release|x64
		{9C682861-52A4-42F3-9E6E-C40EEEFA5B94}.Release|x86.ActiveCfg = Release|Win32
		{9C682861-52A4-42F3-9E6E-C40EEEFA5B94}.Release|x86.Build.0 = Release|Win32
		{C9F7CEF1-ACEF-434A-97A9-252371929287}.Debug|x64.ActiveCfg = Debug|x64
		{C9F7CEF1-ACEF-434A-97A9-252371929287}.Debug|x64.Build.0 = Debug|x64
		{C9F7CEF1-ACEF-434A-97A9-252371929287}.Debug|x86.ActiveCfg = Debug|Win32
		{C9F7CEF1-ACEF-434A-97A9-252371929287}.Debug|x86.Build.0 = Debug|Win32
		{C9F7CEF1-ACEF-434A-97A9-252371929287}.Release|x64.ActiveCfg = Release|x64
		{C9F7CEF1-ACEF-434A-97A9-252371929287}.Release|x64.Build.0 = Release|x64
		{C9F7CEF1-ACEF-434A-97A9-252371929287}.Release|x86.ActiveCfg = Release|Win32
		{C9F7CEF1-ACEF-434A-97A9-252371929287}.Release|x86.Build.0 = Release|Win32
		{D76C4DE3-A913-49F0-8BE1-779EF18A0744}.Debug|x64.ActiveCfg = Debug|x64
		{D76C4DE3-A913-49F0-8BE1-779EF18A0744}.Debug|x64.Build.0 = Debug|x64
		{D76C4DE3-A913-49F0-8BE1-779EF18A0744}.Debug|x86.ActiveCfg = Debug|Win32
		{D76C4DE3-A913-49F0-8BE1-779EF18A0744}.Debug|x86.Build.0 = Debug|Win32
		{D76C4DE3-A913-49F0-8BE1-779EF18A0744}.Release|x64.ActiveCfg = Release|x64
		{D76C4DE3-A913-49F0-8BE1-779EF18A0744}.Release|x64.Build.0 = Release|x64
		{D76C4DE3-A913-49F0-8BE1-779EF18A0744}.Release|x86.ActiveCfg = Release|Win32
		{D76C4DE3-A913-49F0-8BE1-779EF18A0744}.Release|x86.Build.0 = Release|Win32
	EndGlobalSection
	GlobalSection(SolutionProperties) = preSolution
		HideSolutionNode = FALSE
	EndGlobalSection
	GlobalSection(ExtensibilityGlobals) = postSolution
		SolutionGuid = {DFAC4B14-7C47-4CF3-A3D4-F90074BAF252}
	EndGlobalSection
EndGlobal
